
Microsoft Visual Studio Solution File, Format Version 12.00
# Visual Studio Version 17
VisualStudioVersion = 17.8.34330.188
MinimumVisualStudioVersion = 10.0.40219.1
Project("{FAE04EC0-301F-11D3-BF4B-00C04F79EFBC}") = "AP_Integration", "AP_Integration\AP_Integration.csproj", "{16A204B5-F8C5-4462-AF1A-D54CC290030B}"
EndProject
Global
	GlobalSection(SolutionConfigurationPlatforms) = preSolution
		Debug|Any CPU = Debug|Any CPU
		Release|Any CPU = Release|Any CPU
	EndGlobalSection
	GlobalSection(ProjectConfigurationPlatforms) = postSolution
		{16A204B5-F8C5-4462-AF1A-D54CC290030B}.Debug|Any CPU.ActiveCfg = Debug|Any CPU
		{16A204B5-F8C5-4462-AF1A-D54CC290030B}.Debug|Any CPU.Build.0 = Debug|Any CPU
		{16A204B5-F8C5-4462-AF1A-D54CC290030B}.Release|Any CPU.ActiveCfg = Release|Any CPU
		{16A204B5-F8C5-4462-AF1A-D54CC290030B}.Release|Any CPU.Build.0 = Release|Any CPU
	EndGlobalSection
	GlobalSection(SolutionProperties) = preSolution
		HideSolutionNode = FALSE
	EndGlobalSection
	GlobalSection(ExtensibilityGlobals) = postSolution
		SolutionGuid = {821BC8CF-D238-429B-BD5D-D3C4C4BA8869}
	EndGlobalSection
EndGlobal
